// !$*UTF8*$!
{
	archiveVersion = 1;
	classes = {
	};
	objectVersion = 46;
	objects = {

/* Begin PBXBuildFile section */
		F4043B421E9F00580076407C /* BeerDetailsViewController.swift in Sources */ = {isa = PBXBuildFile; fileRef = F4043B411E9F00580076407C /* BeerDetailsViewController.swift */; };
		F4043B441E9F00D00076407C /* BeerModel.swift in Sources */ = {isa = PBXBuildFile; fileRef = F4043B431E9F00D00076407C /* BeerModel.swift */; };
		F4043B7D1E9F0F230076407C /* Alamofire.framework in Frameworks */ = {isa = PBXBuildFile; fileRef = F4043B701E9F0F060076407C /* Alamofire.framework */; };
		F4043B7E1E9F0F230076407C /* Alamofire.framework in Embed Frameworks */ = {isa = PBXBuildFile; fileRef = F4043B701E9F0F060076407C /* Alamofire.framework */; settings = {ATTRIBUTES = (CodeSignOnCopy, RemoveHeadersOnCopy, ); }; };
		F4043B841E9FA6B70076407C /* Reachability.swift in Sources */ = {isa = PBXBuildFile; fileRef = F4043B831E9FA6B70076407C /* Reachability.swift */; };
		F4043B8B1E9FB0750076407C /* BaseViewController.swift in Sources */ = {isa = PBXBuildFile; fileRef = F4043B8A1E9FB0750076407C /* BaseViewController.swift */; };
		F4C77CB51E9EDA8E001B5F96 /* AppDelegate.swift in Sources */ = {isa = PBXBuildFile; fileRef = F4C77CB41E9EDA8E001B5F96 /* AppDelegate.swift */; };
		F4C77CB71E9EDA8E001B5F96 /* BeerViewController.swift in Sources */ = {isa = PBXBuildFile; fileRef = F4C77CB61E9EDA8E001B5F96 /* BeerViewController.swift */; };
		F4C77CBA1E9EDA8E001B5F96 /* Main.storyboard in Resources */ = {isa = PBXBuildFile; fileRef = F4C77CB81E9EDA8E001B5F96 /* Main.storyboard */; };
		F4C77CBC1E9EDA8E001B5F96 /* Assets.xcassets in Resources */ = {isa = PBXBuildFile; fileRef = F4C77CBB1E9EDA8E001B5F96 /* Assets.xcassets */; };
		F4C77CBF1E9EDA8E001B5F96 /* LaunchScreen.storyboard in Resources */ = {isa = PBXBuildFile; fileRef = F4C77CBD1E9EDA8E001B5F96 /* LaunchScreen.storyboard */; };
		F4C77CCA1E9EDA8E001B5F96 /* CervasTests.swift in Sources */ = {isa = PBXBuildFile; fileRef = F4C77CC91E9EDA8E001B5F96 /* CervasTests.swift */; };
		F4C77CD51E9EDA8E001B5F96 /* CervasUITests.swift in Sources */ = {isa = PBXBuildFile; fileRef = F4C77CD41E9EDA8E001B5F96 /* CervasUITests.swift */; };
		F4C77CE51E9EE632001B5F96 /* BeerTableViewCell.swift in Sources */ = {isa = PBXBuildFile; fileRef = F4C77CE41E9EE632001B5F96 /* BeerTableViewCell.swift */; };
/* End PBXBuildFile section */

/* Begin PBXContainerItemProxy section */
		F4043B6F1E9F0F060076407C /* PBXContainerItemProxy */ = {
			isa = PBXContainerItemProxy;
			containerPortal = F4043B641E9F0F060076407C /* Alamofire.xcodeproj */;
			proxyType = 2;
			remoteGlobalIDString = F8111E3319A95C8B0040E7D1;
			remoteInfo = "Alamofire iOS";
		};
		F4043B711E9F0F060076407C /* PBXContainerItemProxy */ = {
			isa = PBXContainerItemProxy;
			containerPortal = F4043B641E9F0F060076407C /* Alamofire.xcodeproj */;
			proxyType = 2;
			remoteGlobalIDString = F8111E3E19A95C8B0040E7D1;
			remoteInfo = "Alamofire iOS Tests";
		};
		F4043B731E9F0F060076407C /* PBXContainerItemProxy */ = {
			isa = PBXContainerItemProxy;
			containerPortal = F4043B641E9F0F060076407C /* Alamofire.xcodeproj */;
			proxyType = 2;
			remoteGlobalIDString = 4DD67C0B1A5C55C900ED2280;
			remoteInfo = "Alamofire macOS";
		};
		F4043B751E9F0F060076407C /* PBXContainerItemProxy */ = {
			isa = PBXContainerItemProxy;
			containerPortal = F4043B641E9F0F060076407C /* Alamofire.xcodeproj */;
			proxyType = 2;
			remoteGlobalIDString = F829C6B21A7A94F100A2CD59;
			remoteInfo = "Alamofire macOS Tests";
		};
		F4043B771E9F0F060076407C /* PBXContainerItemProxy */ = {
			isa = PBXContainerItemProxy;
			containerPortal = F4043B641E9F0F060076407C /* Alamofire.xcodeproj */;
			proxyType = 2;
			remoteGlobalIDString = 4CF626EF1BA7CB3E0011A099;
			remoteInfo = "Alamofire tvOS";
		};
		F4043B791E9F0F060076407C /* PBXContainerItemProxy */ = {
			isa = PBXContainerItemProxy;
			containerPortal = F4043B641E9F0F060076407C /* Alamofire.xcodeproj */;
			proxyType = 2;
			remoteGlobalIDString = 4CF626F81BA7CB3E0011A099;
			remoteInfo = "Alamofire tvOS Tests";
		};
		F4043B7B1E9F0F060076407C /* PBXContainerItemProxy */ = {
			isa = PBXContainerItemProxy;
			containerPortal = F4043B641E9F0F060076407C /* Alamofire.xcodeproj */;
			proxyType = 2;
			remoteGlobalIDString = E4202FE01B667AA100C997FB;
			remoteInfo = "Alamofire watchOS";
		};
		F4043B7F1E9F0F230076407C /* PBXContainerItemProxy */ = {
			isa = PBXContainerItemProxy;
			containerPortal = F4043B641E9F0F060076407C /* Alamofire.xcodeproj */;
			proxyType = 1;
			remoteGlobalIDString = F8111E3219A95C8B0040E7D1;
			remoteInfo = "Alamofire iOS";
		};
		F4C77CC61E9EDA8E001B5F96 /* PBXContainerItemProxy */ = {
			isa = PBXContainerItemProxy;
			containerPortal = F4C77CA91E9EDA8E001B5F96 /* Project object */;
			proxyType = 1;
			remoteGlobalIDString = F4C77CB01E9EDA8E001B5F96;
			remoteInfo = Cervas;
		};
		F4C77CD11E9EDA8E001B5F96 /* PBXContainerItemProxy */ = {
			isa = PBXContainerItemProxy;
			containerPortal = F4C77CA91E9EDA8E001B5F96 /* Project object */;
			proxyType = 1;
			remoteGlobalIDString = F4C77CB01E9EDA8E001B5F96;
			remoteInfo = Cervas;
		};
/* End PBXContainerItemProxy section */

/* Begin PBXCopyFilesBuildPhase section */
		F4043B631E9F0DFC0076407C /* Embed Frameworks */ = {
			isa = PBXCopyFilesBuildPhase;
			buildActionMask = 2147483647;
			dstPath = "";
			dstSubfolderSpec = 10;
			files = (
				F4043B7E1E9F0F230076407C /* Alamofire.framework in Embed Frameworks */,
			);
			name = "Embed Frameworks";
			runOnlyForDeploymentPostprocessing = 0;
		};
/* End PBXCopyFilesBuildPhase section */

/* Begin PBXFileReference section */
		F4043B411E9F00580076407C /* BeerDetailsViewController.swift */ = {isa = PBXFileReference; fileEncoding = 4; lastKnownFileType = sourcecode.swift; path = BeerDetailsViewController.swift; sourceTree = "<group>"; };
		F4043B431E9F00D00076407C /* BeerModel.swift */ = {isa = PBXFileReference; fileEncoding = 4; lastKnownFileType = sourcecode.swift; path = BeerModel.swift; sourceTree = "<group>"; };
		F4043B641E9F0F060076407C /* Alamofire.xcodeproj */ = {isa = PBXFileReference; lastKnownFileType = "wrapper.pb-project"; name = Alamofire.xcodeproj; path = "../../Downloads/Alamofire-master/Alamofire.xcodeproj"; sourceTree = "<group>"; };
		F4043B831E9FA6B70076407C /* Reachability.swift */ = {isa = PBXFileReference; fileEncoding = 4; lastKnownFileType = sourcecode.swift; path = Reachability.swift; sourceTree = "<group>"; };
		F4043B8A1E9FB0750076407C /* BaseViewController.swift */ = {isa = PBXFileReference; fileEncoding = 4; lastKnownFileType = sourcecode.swift; path = BaseViewController.swift; sourceTree = "<group>"; };
		F4C77CB11E9EDA8E001B5F96 /* Cervas.app */ = {isa = PBXFileReference; explicitFileType = wrapper.application; includeInIndex = 0; path = Cervas.app; sourceTree = BUILT_PRODUCTS_DIR; };
		F4C77CB41E9EDA8E001B5F96 /* AppDelegate.swift */ = {isa = PBXFileReference; lastKnownFileType = sourcecode.swift; path = AppDelegate.swift; sourceTree = "<group>"; };
		F4C77CB61E9EDA8E001B5F96 /* BeerViewController.swift */ = {isa = PBXFileReference; lastKnownFileType = sourcecode.swift; path = BeerViewController.swift; sourceTree = "<group>"; };
		F4C77CB91E9EDA8E001B5F96 /* Base */ = {isa = PBXFileReference; lastKnownFileType = file.storyboard; name = Base; path = Base.lproj/Main.storyboard; sourceTree = "<group>"; };
		F4C77CBB1E9EDA8E001B5F96 /* Assets.xcassets */ = {isa = PBXFileReference; lastKnownFileType = folder.assetcatalog; path = Assets.xcassets; sourceTree = "<group>"; };
		F4C77CBE1E9EDA8E001B5F96 /* Base */ = {isa = PBXFileReference; lastKnownFileType = file.storyboard; name = Base; path = Base.lproj/LaunchScreen.storyboard; sourceTree = "<group>"; };
		F4C77CC01E9EDA8E001B5F96 /* Info.plist */ = {isa = PBXFileReference; lastKnownFileType = text.plist.xml; path = Info.plist; sourceTree = "<group>"; };
		F4C77CC51E9EDA8E001B5F96 /* CervasTests.xctest */ = {isa = PBXFileReference; explicitFileType = wrapper.cfbundle; includeInIndex = 0; path = CervasTests.xctest; sourceTree = BUILT_PRODUCTS_DIR; };
		F4C77CC91E9EDA8E001B5F96 /* CervasTests.swift */ = {isa = PBXFileReference; lastKnownFileType = sourcecode.swift; path = CervasTests.swift; sourceTree = "<group>"; };
		F4C77CCB1E9EDA8E001B5F96 /* Info.plist */ = {isa = PBXFileReference; lastKnownFileType = text.plist.xml; path = Info.plist; sourceTree = "<group>"; };
		F4C77CD01E9EDA8E001B5F96 /* CervasUITests.xctest */ = {isa = PBXFileReference; explicitFileType = wrapper.cfbundle; includeInIndex = 0; path = CervasUITests.xctest; sourceTree = BUILT_PRODUCTS_DIR; };
		F4C77CD41E9EDA8E001B5F96 /* CervasUITests.swift */ = {isa = PBXFileReference; lastKnownFileType = sourcecode.swift; path = CervasUITests.swift; sourceTree = "<group>"; };
		F4C77CD61E9EDA8E001B5F96 /* Info.plist */ = {isa = PBXFileReference; lastKnownFileType = text.plist.xml; path = Info.plist; sourceTree = "<group>"; };
		F4C77CE41E9EE632001B5F96 /* BeerTableViewCell.swift */ = {isa = PBXFileReference; fileEncoding = 4; lastKnownFileType = sourcecode.swift; path = BeerTableViewCell.swift; sourceTree = "<group>"; };
/* End PBXFileReference section */

/* Begin PBXFrameworksBuildPhase section */
		F4C77CAE1E9EDA8E001B5F96 /* Frameworks */ = {
			isa = PBXFrameworksBuildPhase;
			buildActionMask = 2147483647;
			files = (
				F4043B7D1E9F0F230076407C /* Alamofire.framework in Frameworks */,
			);
			runOnlyForDeploymentPostprocessing = 0;
		};
		F4C77CC21E9EDA8E001B5F96 /* Frameworks */ = {
			isa = PBXFrameworksBuildPhase;
			buildActionMask = 2147483647;
			files = (
			);
			runOnlyForDeploymentPostprocessing = 0;
		};
		F4C77CCD1E9EDA8E001B5F96 /* Frameworks */ = {
			isa = PBXFrameworksBuildPhase;
			buildActionMask = 2147483647;
			files = (
			);
			runOnlyForDeploymentPostprocessing = 0;
		};
/* End PBXFrameworksBuildPhase section */

/* Begin PBXGroup section */
		F4043B451E9F010A0076407C /* Model */ = {
			isa = PBXGroup;
			children = (
				F4043B431E9F00D00076407C /* BeerModel.swift */,
			);
			name = Model;
			sourceTree = "<group>";
		};
		F4043B651E9F0F060076407C /* Products */ = {
			isa = PBXGroup;
			children = (
				F4043B701E9F0F060076407C /* Alamofire.framework */,
				F4043B721E9F0F060076407C /* Alamofire iOS Tests.xctest */,
				F4043B741E9F0F060076407C /* Alamofire.framework */,
				F4043B761E9F0F060076407C /* Alamofire macOS Tests.xctest */,
				F4043B781E9F0F060076407C /* Alamofire.framework */,
				F4043B7A1E9F0F060076407C /* Alamofire tvOS Tests.xctest */,
				F4043B7C1E9F0F060076407C /* Alamofire.framework */,
			);
			name = Products;
			sourceTree = "<group>";
		};
		F4C77CA81E9EDA8E001B5F96 = {
			isa = PBXGroup;
			children = (
				F4043B641E9F0F060076407C /* Alamofire.xcodeproj */,
				F4C77CB31E9EDA8E001B5F96 /* Cervas */,
				F4C77CC81E9EDA8E001B5F96 /* CervasTests */,
				F4C77CD31E9EDA8E001B5F96 /* CervasUITests */,
				F4C77CB21E9EDA8E001B5F96 /* Products */,
			);
			sourceTree = "<group>";
		};
		F4C77CB21E9EDA8E001B5F96 /* Products */ = {
			isa = PBXGroup;
			children = (
				F4C77CB11E9EDA8E001B5F96 /* Cervas.app */,
				F4C77CC51E9EDA8E001B5F96 /* CervasTests.xctest */,
				F4C77CD01E9EDA8E001B5F96 /* CervasUITests.xctest */,
			);
			name = Products;
			sourceTree = "<group>";
		};
		F4C77CB31E9EDA8E001B5F96 /* Cervas */ = {
			isa = PBXGroup;
			children = (
				F4043B451E9F010A0076407C /* Model */,
				F4C77CE81E9EEBF6001B5F96 /* View */,
				F4C77CE71E9EEA93001B5F96 /* Delegate */,
				F4C77CE61E9EEA86001B5F96 /* ViewControllers */,
				F4C77CE21E9EE60C001B5F96 /* Util */,
				F4C77CB41E9EDA8E001B5F96 /* AppDelegate.swift */,
				F4C77CBB1E9EDA8E001B5F96 /* Assets.xcassets */,
				F4C77CBD1E9EDA8E001B5F96 /* LaunchScreen.storyboard */,
				F4C77CC01E9EDA8E001B5F96 /* Info.plist */,
			);
			path = Cervas;
			sourceTree = "<group>";
		};
		F4C77CC81E9EDA8E001B5F96 /* CervasTests */ = {
			isa = PBXGroup;
			children = (
				F4C77CC91E9EDA8E001B5F96 /* CervasTests.swift */,
				F4C77CCB1E9EDA8E001B5F96 /* Info.plist */,
			);
			path = CervasTests;
			sourceTree = "<group>";
		};
		F4C77CD31E9EDA8E001B5F96 /* CervasUITests */ = {
			isa = PBXGroup;
			children = (
				F4C77CD41E9EDA8E001B5F96 /* CervasUITests.swift */,
				F4C77CD61E9EDA8E001B5F96 /* Info.plist */,
			);
			path = CervasUITests;
			sourceTree = "<group>";
		};
		F4C77CE21E9EE60C001B5F96 /* Util */ = {
			isa = PBXGroup;
			children = (
				F4C77CE31E9EE613001B5F96 /* TableViewCells */,
				F4043B831E9FA6B70076407C /* Reachability.swift */,
			);
			name = Util;
			sourceTree = "<group>";
		};
		F4C77CE31E9EE613001B5F96 /* TableViewCells */ = {
			isa = PBXGroup;
			children = (
				F4C77CE41E9EE632001B5F96 /* BeerTableViewCell.swift */,
			);
			name = TableViewCells;
			sourceTree = "<group>";
		};
		F4C77CE61E9EEA86001B5F96 /* ViewControllers */ = {
			isa = PBXGroup;
			children = (
				F4C77CB61E9EDA8E001B5F96 /* BeerViewController.swift */,
				F4043B411E9F00580076407C /* BeerDetailsViewController.swift */,
				F4043B8A1E9FB0750076407C /* BaseViewController.swift */,
			);
			name = ViewControllers;
			sourceTree = "<group>";
		};
		F4C77CE71E9EEA93001B5F96 /* Delegate */ = {
			isa = PBXGroup;
			children = (
			);
			name = Delegate;
			sourceTree = "<group>";
		};
		F4C77CE81E9EEBF6001B5F96 /* View */ = {
			isa = PBXGroup;
			children = (
				F4C77CB81E9EDA8E001B5F96 /* Main.storyboard */,
			);
			name = View;
			sourceTree = "<group>";
		};
/* End PBXGroup section */

/* Begin PBXNativeTarget section */
		F4C77CB01E9EDA8E001B5F96 /* Cervas */ = {
			isa = PBXNativeTarget;
			buildConfigurationList = F4C77CD91E9EDA8E001B5F96 /* Build configuration list for PBXNativeTarget "Cervas" */;
			buildPhases = (
				F4C77CAD1E9EDA8E001B5F96 /* Sources */,
				F4C77CAE1E9EDA8E001B5F96 /* Frameworks */,
				F4C77CAF1E9EDA8E001B5F96 /* Resources */,
				F4043B631E9F0DFC0076407C /* Embed Frameworks */,
			);
			buildRules = (
			);
			dependencies = (
				F4043B801E9F0F230076407C /* PBXTargetDependency */,
			);
			name = Cervas;
			productName = Cervas;
			productReference = F4C77CB11E9EDA8E001B5F96 /* Cervas.app */;
			productType = "com.apple.product-type.application";
		};
		F4C77CC41E9EDA8E001B5F96 /* CervasTests */ = {
			isa = PBXNativeTarget;
			buildConfigurationList = F4C77CDC1E9EDA8E001B5F96 /* Build configuration list for PBXNativeTarget "CervasTests" */;
			buildPhases = (
				F4C77CC11E9EDA8E001B5F96 /* Sources */,
				F4C77CC21E9EDA8E001B5F96 /* Frameworks */,
				F4C77CC31E9EDA8E001B5F96 /* Resources */,
			);
			buildRules = (
			);
			dependencies = (
				F4C77CC71E9EDA8E001B5F96 /* PBXTargetDependency */,
			);
			name = CervasTests;
			productName = CervasTests;
			productReference = F4C77CC51E9EDA8E001B5F96 /* CervasTests.xctest */;
			productType = "com.apple.product-type.bundle.unit-test";
		};
		F4C77CCF1E9EDA8E001B5F96 /* CervasUITests */ = {
			isa = PBXNativeTarget;
			buildConfigurationList = F4C77CDF1E9EDA8E001B5F96 /* Build configuration list for PBXNativeTarget "CervasUITests" */;
			buildPhases = (
				F4C77CCC1E9EDA8E001B5F96 /* Sources */,
				F4C77CCD1E9EDA8E001B5F96 /* Frameworks */,
				F4C77CCE1E9EDA8E001B5F96 /* Resources */,
			);
			buildRules = (
			);
			dependencies = (
				F4C77CD21E9EDA8E001B5F96 /* PBXTargetDependency */,
			);
			name = CervasUITests;
			productName = CervasUITests;
			productReference = F4C77CD01E9EDA8E001B5F96 /* CervasUITests.xctest */;
			productType = "com.apple.product-type.bundle.ui-testing";
		};
/* End PBXNativeTarget section */

/* Begin PBXProject section */
		F4C77CA91E9EDA8E001B5F96 /* Project object */ = {
			isa = PBXProject;
			attributes = {
				LastSwiftUpdateCheck = 0830;
				LastUpgradeCheck = 0830;
				ORGANIZATIONNAME = "Petrus Carvalho";
				TargetAttributes = {
					F4C77CB01E9EDA8E001B5F96 = {
						CreatedOnToolsVersion = 8.3;
						ProvisioningStyle = Automatic;
					};
					F4C77CC41E9EDA8E001B5F96 = {
						CreatedOnToolsVersion = 8.3;
						ProvisioningStyle = Automatic;
						TestTargetID = F4C77CB01E9EDA8E001B5F96;
					};
					F4C77CCF1E9EDA8E001B5F96 = {
						CreatedOnToolsVersion = 8.3;
						ProvisioningStyle = Automatic;
						TestTargetID = F4C77CB01E9EDA8E001B5F96;
					};
				};
			};
			buildConfigurationList = F4C77CAC1E9EDA8E001B5F96 /* Build configuration list for PBXProject "Cervas" */;
			compatibilityVersion = "Xcode 3.2";
			developmentRegion = English;
			hasScannedForEncodings = 0;
			knownRegions = (
				en,
				Base,
			);
			mainGroup = F4C77CA81E9EDA8E001B5F96;
			productRefGroup = F4C77CB21E9EDA8E001B5F96 /* Products */;
			projectDirPath = "";
			projectReferences = (
				{
					ProductGroup = F4043B651E9F0F060076407C /* Products */;
					ProjectRef = F4043B641E9F0F060076407C /* Alamofire.xcodeproj */;
				},
			);
			projectRoot = "";
			targets = (
				F4C77CB01E9EDA8E001B5F96 /* Cervas */,
				F4C77CC41E9EDA8E001B5F96 /* CervasTests */,
				F4C77CCF1E9EDA8E001B5F96 /* CervasUITests */,
			);
		};
/* End PBXProject section */

/* Begin PBXReferenceProxy section */
		F4043B701E9F0F060076407C /* Alamofire.framework */ = {
			isa = PBXReferenceProxy;
			fileType = wrapper.framework;
			path = Alamofire.framework;
			remoteRef = F4043B6F1E9F0F060076407C /* PBXContainerItemProxy */;
			sourceTree = BUILT_PRODUCTS_DIR;
		};
		F4043B721E9F0F060076407C /* Alamofire iOS Tests.xctest */ = {
			isa = PBXReferenceProxy;
			fileType = wrapper.cfbundle;
			path = "Alamofire iOS Tests.xctest";
			remoteRef = F4043B711E9F0F060076407C /* PBXContainerItemProxy */;
			sourceTree = BUILT_PRODUCTS_DIR;
		};
		F4043B741E9F0F060076407C /* Alamofire.framework */ = {
			isa = PBXReferenceProxy;
			fileType = wrapper.framework;
			path = Alamofire.framework;
			remoteRef = F4043B731E9F0F060076407C /* PBXContainerItemProxy */;
			sourceTree = BUILT_PRODUCTS_DIR;
		};
		F4043B761E9F0F060076407C /* Alamofire macOS Tests.xctest */ = {
			isa = PBXReferenceProxy;
			fileType = wrapper.cfbundle;
			path = "Alamofire macOS Tests.xctest";
			remoteRef = F4043B751E9F0F060076407C /* PBXContainerItemProxy */;
			sourceTree = BUILT_PRODUCTS_DIR;
		};
		F4043B781E9F0F060076407C /* Alamofire.framework */ = {
			isa = PBXReferenceProxy;
			fileType = wrapper.framework;
			path = Alamofire.framework;
			remoteRef = F4043B771E9F0F060076407C /* PBXContainerItemProxy */;
			sourceTree = BUILT_PRODUCTS_DIR;
		};
		F4043B7A1E9F0F060076407C /* Alamofire tvOS Tests.xctest */ = {
			isa = PBXReferenceProxy;
			fileType = wrapper.cfbundle;
			path = "Alamofire tvOS Tests.xctest";
			remoteRef = F4043B791E9F0F060076407C /* PBXContainerItemProxy */;
			sourceTree = BUILT_PRODUCTS_DIR;
		};
		F4043B7C1E9F0F060076407C /* Alamofire.framework */ = {
			isa = PBXReferenceProxy;
			fileType = wrapper.framework;
			path = Alamofire.framework;
			remoteRef = F4043B7B1E9F0F060076407C /* PBXContainerItemProxy */;
			sourceTree = BUILT_PRODUCTS_DIR;
		};
/* End PBXReferenceProxy section */

/* Begin PBXResourcesBuildPhase section */
		F4C77CAF1E9EDA8E001B5F96 /* Resources */ = {
			isa = PBXResourcesBuildPhase;
			buildActionMask = 2147483647;
			files = (
				F4C77CBF1E9EDA8E001B5F96 /* LaunchScreen.storyboard in Resources */,
				F4C77CBC1E9EDA8E001B5F96 /* Assets.xcassets in Resources */,
				F4C77CBA1E9EDA8E001B5F96 /* Main.storyboard in Resources */,
			);
			runOnlyForDeploymentPostprocessing = 0;
		};
		F4C77CC31E9EDA8E001B5F96 /* Resources */ = {
			isa = PBXResourcesBuildPhase;
			buildActionMask = 2147483647;
			files = (
			);
			runOnlyForDeploymentPostprocessing = 0;
		};
		F4C77CCE1E9EDA8E001B5F96 /* Resources */ = {
			isa = PBXResourcesBuildPhase;
			buildActionMask = 2147483647;
			files = (
			);
			runOnlyForDeploymentPostprocessing = 0;
		};
/* End PBXResourcesBuildPhase section */

/* Begin PBXSourcesBuildPhase section */
		F4C77CAD1E9EDA8E001B5F96 /* Sources */ = {
			isa = PBXSourcesBuildPhase;
			buildActionMask = 2147483647;
			files = (
				F4C77CB71E9EDA8E001B5F96 /* BeerViewController.swift in Sources */,
				F4043B421E9F00580076407C /* BeerDetailsViewController.swift in Sources */,
				F4043B841E9FA6B70076407C /* Reachability.swift in Sources */,
				F4C77CE51E9EE632001B5F96 /* BeerTableViewCell.swift in Sources */,
				F4043B441E9F00D00076407C /* BeerModel.swift in Sources */,
				F4043B8B1E9FB0750076407C /* BaseViewController.swift in Sources */,
				F4C77CB51E9EDA8E001B5F96 /* AppDelegate.swift in Sources */,
			);
			runOnlyForDeploymentPostprocessing = 0;
		};
		F4C77CC11E9EDA8E001B5F96 /* Sources */ = {
			isa = PBXSourcesBuildPhase;
			buildActionMask = 2147483647;
			files = (
				F4C77CCA1E9EDA8E001B5F96 /* CervasTests.swift in Sources */,
			);
			runOnlyForDeploymentPostprocessing = 0;
		};
		F4C77CCC1E9EDA8E001B5F96 /* Sources */ = {
			isa = PBXSourcesBuildPhase;
			buildActionMask = 2147483647;
			files = (
				F4C77CD51E9EDA8E001B5F96 /* CervasUITests.swift in Sources */,
			);
			runOnlyForDeploymentPostprocessing = 0;
		};
/* End PBXSourcesBuildPhase section */

/* Begin PBXTargetDependency section */
		F4043B801E9F0F230076407C /* PBXTargetDependency */ = {
			isa = PBXTargetDependency;
			name = "Alamofire iOS";
			targetProxy = F4043B7F1E9F0F230076407C /* PBXContainerItemProxy */;
		};
		F4C77CC71E9EDA8E001B5F96 /* PBXTargetDependency */ = {
			isa = PBXTargetDependency;
			target = F4C77CB01E9EDA8E001B5F96 /* Cervas */;
			targetProxy = F4C77CC61E9EDA8E001B5F96 /* PBXContainerItemProxy */;
		};
		F4C77CD21E9EDA8E001B5F96 /* PBXTargetDependency */ = {
			isa = PBXTargetDependency;
			target = F4C77CB01E9EDA8E001B5F96 /* Cervas */;
			targetProxy = F4C77CD11E9EDA8E001B5F96 /* PBXContainerItemProxy */;
		};
/* End PBXTargetDependency section */

/* Begin PBXVariantGroup section */
		F4C77CB81E9EDA8E001B5F96 /* Main.storyboard */ = {
			isa = PBXVariantGroup;
			children = (
				F4C77CB91E9EDA8E001B5F96 /* Base */,
			);
			name = Main.storyboard;
			sourceTree = "<group>";
		};
		F4C77CBD1E9EDA8E001B5F96 /* LaunchScreen.storyboard */ = {
			isa = PBXVariantGroup;
			children = (
				F4C77CBE1E9EDA8E001B5F96 /* Base */,
			);
			name = LaunchScreen.storyboard;
			sourceTree = "<group>";
		};
/* End PBXVariantGroup section */

/* Begin XCBuildConfiguration section */
		F4C77CD71E9EDA8E001B5F96 /* Debug */ = {
			isa = XCBuildConfiguration;
			buildSettings = {
				ALWAYS_SEARCH_USER_PATHS = NO;
				CLANG_ANALYZER_NONNULL = YES;
				CLANG_ANALYZER_NUMBER_OBJECT_CONVERSION = YES_AGGRESSIVE;
				CLANG_CXX_LANGUAGE_STANDARD = "gnu++0x";
				CLANG_CXX_LIBRARY = "libc++";
				CLANG_ENABLE_MODULES = YES;
				CLANG_ENABLE_OBJC_ARC = YES;
				CLANG_WARN_BOOL_CONVERSION = YES;
				CLANG_WARN_CONSTANT_CONVERSION = YES;
				CLANG_WARN_DIRECT_OBJC_ISA_USAGE = YES_ERROR;
				CLANG_WARN_DOCUMENTATION_COMMENTS = YES;
				CLANG_WARN_EMPTY_BODY = YES;
				CLANG_WARN_ENUM_CONVERSION = YES;
				CLANG_WARN_INFINITE_RECURSION = YES;
				CLANG_WARN_INT_CONVERSION = YES;
				CLANG_WARN_OBJC_ROOT_CLASS = YES_ERROR;
				CLANG_WARN_SUSPICIOUS_MOVE = YES;
				CLANG_WARN_UNREACHABLE_CODE = YES;
				CLANG_WARN__DUPLICATE_METHOD_MATCH = YES;
				"CODE_SIGN_IDENTITY[sdk=iphoneos*]" = "iPhone Developer";
				COPY_PHASE_STRIP = NO;
				DEBUG_INFORMATION_FORMAT = dwarf;
				ENABLE_STRICT_OBJC_MSGSEND = YES;
				ENABLE_TESTABILITY = YES;
				GCC_C_LANGUAGE_STANDARD = gnu99;
				GCC_DYNAMIC_NO_PIC = NO;
				GCC_NO_COMMON_BLOCKS = YES;
				GCC_OPTIMIZATION_LEVEL = 0;
				GCC_PREPROCESSOR_DEFINITIONS = (
					"DEBUG=1",
					"$(inherited)",
				);
				GCC_WARN_64_TO_32_BIT_CONVERSION = YES;
				GCC_WARN_ABOUT_RETURN_TYPE = YES_ERROR;
				GCC_WARN_UNDECLARED_SELECTOR = YES;
				GCC_WARN_UNINITIALIZED_AUTOS = YES_AGGRESSIVE;
				GCC_WARN_UNUSED_FUNCTION = YES;
				GCC_WARN_UNUSED_VARIABLE = YES;
				IPHONEOS_DEPLOYMENT_TARGET = 10.3;
				MTL_ENABLE_DEBUG_INFO = YES;
				ONLY_ACTIVE_ARCH = YES;
				SDKROOT = iphoneos;
				SWIFT_ACTIVE_COMPILATION_CONDITIONS = DEBUG;
				SWIFT_OPTIMIZATION_LEVEL = "-Onone";
			};
			name = Debug;
		};
		F4C77CD81E9EDA8E001B5F96 /* Release */ = {
			isa = XCBuildConfiguration;
			buildSettings = {
				ALWAYS_SEARCH_USER_PATHS = NO;
				CLANG_ANALYZER_NONNULL = YES;
				CLANG_ANALYZER_NUMBER_OBJECT_CONVERSION = YES_AGGRESSIVE;
				CLANG_CXX_LANGUAGE_STANDARD = "gnu++0x";
				CLANG_CXX_LIBRARY = "libc++";
				CLANG_ENABLE_MODULES = YES;
				CLANG_ENABLE_OBJC_ARC = YES;
				CLANG_WARN_BOOL_CONVERSION = YES;
				CLANG_WARN_CONSTANT_CONVERSION = YES;
				CLANG_WARN_DIRECT_OBJC_ISA_USAGE = YES_ERROR;
				CLANG_WARN_DOCUMENTATION_COMMENTS = YES;
				CLANG_WARN_EMPTY_BODY = YES;
				CLANG_WARN_ENUM_CONVERSION = YES;
				CLANG_WARN_INFINITE_RECURSION = YES;
				CLANG_WARN_INT_CONVERSION = YES;
				CLANG_WARN_OBJC_ROOT_CLASS = YES_ERROR;
				CLANG_WARN_SUSPICIOUS_MOVE = YES;
				CLANG_WARN_UNREACHABLE_CODE = YES;
				CLANG_WARN__DUPLICATE_METHOD_MATCH = YES;
				"CODE_SIGN_IDENTITY[sdk=iphoneos*]" = "iPhone Developer";
				COPY_PHASE_STRIP = NO;
				DEBUG_INFORMATION_FORMAT = "dwarf-with-dsym";
				ENABLE_NS_ASSERTIONS = NO;
				ENABLE_STRICT_OBJC_MSGSEND = YES;
				GCC_C_LANGUAGE_STANDARD = gnu99;
				GCC_NO_COMMON_BLOCKS = YES;
				GCC_WARN_64_TO_32_BIT_CONVERSION = YES;
				GCC_WARN_ABOUT_RETURN_TYPE = YES_ERROR;
				GCC_WARN_UNDECLARED_SELECTOR = YES;
				GCC_WARN_UNINITIALIZED_AUTOS = YES_AGGRESSIVE;
				GCC_WARN_UNUSED_FUNCTION = YES;
				GCC_WARN_UNUSED_VARIABLE = YES;
				IPHONEOS_DEPLOYMENT_TARGET = 10.3;
				MTL_ENABLE_DEBUG_INFO = NO;
				SDKROOT = iphoneos;
				SWIFT_OPTIMIZATION_LEVEL = "-Owholemodule";
				VALIDATE_PRODUCT = YES;
			};
			name = Release;
		};
		F4C77CDA1E9EDA8E001B5F96 /* Debug */ = {
			isa = XCBuildConfiguration;
			buildSettings = {
				ALWAYS_EMBED_SWIFT_STANDARD_LIBRARIES = YES;
				ASSETCATALOG_COMPILER_APPICON_NAME = AppIcon;
				INFOPLIST_FILE = Cervas/Info.plist;
				LD_RUNPATH_SEARCH_PATHS = "$(inherited) @executable_path/Frameworks";
				PRODUCT_BUNDLE_IDENTIFIER = carvalho.Cervas;
				PRODUCT_NAME = "$(TARGET_NAME)";
				SWIFT_VERSION = 3.0;
			};
			name = Debug;
		};
		F4C77CDB1E9EDA8E001B5F96 /* Release */ = {
			isa = XCBuildConfiguration;
			buildSettings = {
				ALWAYS_EMBED_SWIFT_STANDARD_LIBRARIES = YES;
				ASSETCATALOG_COMPILER_APPICON_NAME = AppIcon;
				INFOPLIST_FILE = Cervas/Info.plist;
				LD_RUNPATH_SEARCH_PATHS = "$(inherited) @executable_path/Frameworks";
				PRODUCT_BUNDLE_IDENTIFIER = carvalho.Cervas;
				PRODUCT_NAME = "$(TARGET_NAME)";
				SWIFT_VERSION = 3.0;
			};
			name = Release;
		};
		F4C77CDD1E9EDA8E001B5F96 /* Debug */ = {
			isa = XCBuildConfiguration;
			buildSettings = {
				ALWAYS_EMBED_SWIFT_STANDARD_LIBRARIES = YES;
				BUNDLE_LOADER = "$(TEST_HOST)";
				INFOPLIST_FILE = CervasTests/Info.plist;
				LD_RUNPATH_SEARCH_PATHS = "$(inherited) @executable_path/Frameworks @loader_path/Frameworks";
				PRODUCT_BUNDLE_IDENTIFIER = carvalho.CervasTests;
				PRODUCT_NAME = "$(TARGET_NAME)";
				SWIFT_VERSION = 3.0;
				TEST_HOST = "$(BUILT_PRODUCTS_DIR)/Cervas.app/Cervas";
			};
			name = Debug;
		};
		F4C77CDE1E9EDA8E001B5F96 /* Release */ = {
			isa = XCBuildConfiguration;
			buildSettings = {
				ALWAYS_EMBED_SWIFT_STANDARD_LIBRARIES = YES;
				BUNDLE_LOADER = "$(TEST_HOST)";
				INFOPLIST_FILE = CervasTests/Info.plist;
				LD_RUNPATH_SEARCH_PATHS = "$(inherited) @executable_path/Frameworks @loader_path/Frameworks";
				PRODUCT_BUNDLE_IDENTIFIER = carvalho.CervasTests;
				PRODUCT_NAME = "$(TARGET_NAME)";
				SWIFT_VERSION = 3.0;
				TEST_HOST = "$(BUILT_PRODUCTS_DIR)/Cervas.app/Cervas";
			};
			name = Release;
		};
		F4C77CE01E9EDA8E001B5F96 /* Debug */ = {
			isa = XCBuildConfiguration;
			buildSettings = {
				ALWAYS_EMBED_SWIFT_STANDARD_LIBRARIES = YES;
				INFOPLIST_FILE = CervasUITests/Info.plist;
				LD_RUNPATH_SEARCH_PATHS = "$(inherited) @executable_path/Frameworks @loader_path/Frameworks";
				PRODUCT_BUNDLE_IDENTIFIER = carvalho.CervasUITests;
				PRODUCT_NAME = "$(TARGET_NAME)";
				SWIFT_VERSION = 3.0;
				TEST_TARGET_NAME = Cervas;
			};
			name = Debug;
		};
		F4C77CE11E9EDA8E001B5F96 /* Release */ = {
			isa = XCBuildConfiguration;
			buildSettings = {
				ALWAYS_EMBED_SWIFT_STANDARD_LIBRARIES = YES;
				INFOPLIST_FILE = CervasUITests/Info.plist;
				LD_RUNPATH_SEARCH_PATHS = "$(inherited) @executable_path/Frameworks @loader_path/Frameworks";
				PRODUCT_BUNDLE_IDENTIFIER = carvalho.CervasUITests;
				PRODUCT_NAME = "$(TARGET_NAME)";
				SWIFT_VERSION = 3.0;
				TEST_TARGET_NAME = Cervas;
			};
			name = Release;
		};
/* End XCBuildConfiguration section */

/* Begin XCConfigurationList section */
		F4C77CAC1E9EDA8E001B5F96 /* Build configuration list for PBXProject "Cervas" */ = {
			isa = XCConfigurationList;
			buildConfigurations = (
				F4C77CD71E9EDA8E001B5F96 /* Debug */,
				F4C77CD81E9EDA8E001B5F96 /* Release */,
			);
			defaultConfigurationIsVisible = 0;
			defaultConfigurationName = Release;
		};
		F4C77CD91E9EDA8E001B5F96 /* Build configuration list for PBXNativeTarget "Cervas" */ = {
			isa = XCConfigurationList;
			buildConfigurations = (
				F4C77CDA1E9EDA8E001B5F96 /* Debug */,
				F4C77CDB1E9EDA8E001B5F96 /* Release */,
			);
			defaultConfigurationIsVisible = 0;
			defaultConfigurationName = Release;
		};
		F4C77CDC1E9EDA8E001B5F96 /* Build configuration list for PBXNativeTarget "CervasTests" */ = {
			isa = XCConfigurationList;
			buildConfigurations = (
				F4C77CDD1E9EDA8E001B5F96 /* Debug */,
				F4C77CDE1E9EDA8E001B5F96 /* Release */,
			);
			defaultConfigurationIsVisible = 0;
			defaultConfigurationName = Release;
		};
		F4C77CDF1E9EDA8E001B5F96 /* Build configuration list for PBXNativeTarget "CervasUITests" */ = {
			isa = XCConfigurationList;
			buildConfigurations = (
				F4C77CE01E9EDA8E001B5F96 /* Debug */,
				F4C77CE11E9EDA8E001B5F96 /* Release */,
			);
			defaultConfigurationIsVisible = 0;
			defaultConfigurationName = Release;
		};
/* End XCConfigurationList section */
	};
	rootObject = F4C77CA91E9EDA8E001B5F96 /* Project object */;
}
